// !$*UTF8*$!
{
	archiveVersion = 1;
	classes = {
	};
	objectVersion = 55;
	objects = {

/* Begin PBXBuildFile section */
		04CA0DC727357F8F0005CD05 /* CalculApp.swift in Sources */ = {isa = PBXBuildFile; fileRef = 04CA0DC627357F8F0005CD05 /* CalculApp.swift */; };
		04CA0DC927357F8F0005CD05 /* ContentView.swift in Sources */ = {isa = PBXBuildFile; fileRef = 04CA0DC827357F8F0005CD05 /* ContentView.swift */; };
		04CA0DCB27357F900005CD05 /* Assets.xcassets in Resources */ = {isa = PBXBuildFile; fileRef = 04CA0DCA27357F900005CD05 /* Assets.xcassets */; };
		04CA0DCE27357F900005CD05 /* Preview Assets.xcassets in Resources */ = {isa = PBXBuildFile; fileRef = 04CA0DCD27357F900005CD05 /* Preview Assets.xcassets */; };
		04CA0DDB273580E50005CD05 /* WidgetKit.framework in Frameworks */ = {isa = PBXBuildFile; fileRef = 04CA0DDA273580E50005CD05 /* WidgetKit.framework */; };
		04CA0DDD273580E50005CD05 /* SwiftUI.framework in Frameworks */ = {isa = PBXBuildFile; fileRef = 04CA0DDC273580E50005CD05 /* SwiftUI.framework */; };
		04CA0DE0273580E50005CD05 /* Calcul_Widget.swift in Sources */ = {isa = PBXBuildFile; fileRef = 04CA0DDF273580E50005CD05 /* Calcul_Widget.swift */; };
		04CA0DE2273580E60005CD05 /* Assets.xcassets in Resources */ = {isa = PBXBuildFile; fileRef = 04CA0DE1273580E60005CD05 /* Assets.xcassets */; };
		04CA0DE6273580E60005CD05 /* Calcul WidgetExtension.appex in Embed App Extensions */ = {isa = PBXBuildFile; fileRef = 04CA0DD8273580E50005CD05 /* Calcul WidgetExtension.appex */; settings = {ATTRIBUTES = (RemoveHeadersOnCopy, ); }; };
		04CA0DEC273580F70005CD05 /* Provider.swift in Sources */ = {isa = PBXBuildFile; fileRef = 04CA0DEB273580F70005CD05 /* Provider.swift */; };
		04CA0DEE273581120005CD05 /* SimpleEntry.swift in Sources */ = {isa = PBXBuildFile; fileRef = 04CA0DED273581120005CD05 /* SimpleEntry.swift */; };
		04CA0DF02735817E0005CD05 /* CalculWidgetView.swift in Sources */ = {isa = PBXBuildFile; fileRef = 04CA0DEF2735817E0005CD05 /* CalculWidgetView.swift */; };
		04CA0DF52735878D0005CD05 /* Row1.swift in Sources */ = {isa = PBXBuildFile; fileRef = 04CA0DF42735878D0005CD05 /* Row1.swift */; };
		04CA0DF72735879B0005CD05 /* Row2.swift in Sources */ = {isa = PBXBuildFile; fileRef = 04CA0DF62735879B0005CD05 /* Row2.swift */; };
		04CA0DF9273587DC0005CD05 /* Row3.swift in Sources */ = {isa = PBXBuildFile; fileRef = 04CA0DF8273587DC0005CD05 /* Row3.swift */; };
		04CA0DFB2735880B0005CD05 /* Row4.swift in Sources */ = {isa = PBXBuildFile; fileRef = 04CA0DFA2735880B0005CD05 /* Row4.swift */; };
		04CA0DFD273588750005CD05 /* Row5.swift in Sources */ = {isa = PBXBuildFile; fileRef = 04CA0DFC273588750005CD05 /* Row5.swift */; };
/* End PBXBuildFile section */

/* Begin PBXContainerItemProxy section */
		04CA0DE4273580E60005CD05 /* PBXContainerItemProxy */ = {
			isa = PBXContainerItemProxy;
			containerPortal = 04CA0DBB27357F8F0005CD05 /* Project object */;
			proxyType = 1;
			remoteGlobalIDString = 04CA0DD7273580E50005CD05;
			remoteInfo = "Calcul WidgetExtension";
		};
/* End PBXContainerItemProxy section */

/* Begin PBXCopyFilesBuildPhase section */
		04CA0DEA273580E60005CD05 /* Embed App Extensions */ = {
			isa = PBXCopyFilesBuildPhase;
			buildActionMask = 2147483647;
			dstPath = "";
			dstSubfolderSpec = 13;
			files = (
				04CA0DE6273580E60005CD05 /* Calcul WidgetExtension.appex in Embed App Extensions */,
			);
			name = "Embed App Extensions";
			runOnlyForDeploymentPostprocessing = 0;
		};
/* End PBXCopyFilesBuildPhase section */

/* Begin PBXFileReference section */
		04CA0DC327357F8F0005CD05 /* Calcul.app */ = {isa = PBXFileReference; explicitFileType = wrapper.application; includeInIndex = 0; path = Calcul.app; sourceTree = BUILT_PRODUCTS_DIR; };
		04CA0DC627357F8F0005CD05 /* CalculApp.swift */ = {isa = PBXFileReference; lastKnownFileType = sourcecode.swift; path = CalculApp.swift; sourceTree = "<group>"; };
		04CA0DC827357F8F0005CD05 /* ContentView.swift */ = {isa = PBXFileReference; lastKnownFileType = sourcecode.swift; path = ContentView.swift; sourceTree = "<group>"; };
		04CA0DCA27357F900005CD05 /* Assets.xcassets */ = {isa = PBXFileReference; lastKnownFileType = folder.assetcatalog; path = Assets.xcassets; sourceTree = "<group>"; };
		04CA0DCD27357F900005CD05 /* Preview Assets.xcassets */ = {isa = PBXFileReference; lastKnownFileType = folder.assetcatalog; path = "Preview Assets.xcassets"; sourceTree = "<group>"; };
		04CA0DD8273580E50005CD05 /* Calcul WidgetExtension.appex */ = {isa = PBXFileReference; explicitFileType = "wrapper.app-extension"; includeInIndex = 0; path = "Calcul WidgetExtension.appex"; sourceTree = BUILT_PRODUCTS_DIR; };
		04CA0DDA273580E50005CD05 /* WidgetKit.framework */ = {isa = PBXFileReference; lastKnownFileType = wrapper.framework; name = WidgetKit.framework; path = System/Library/Frameworks/WidgetKit.framework; sourceTree = SDKROOT; };
		04CA0DDC273580E50005CD05 /* SwiftUI.framework */ = {isa = PBXFileReference; lastKnownFileType = wrapper.framework; name = SwiftUI.framework; path = System/Library/Frameworks/SwiftUI.framework; sourceTree = SDKROOT; };
		04CA0DDF273580E50005CD05 /* Calcul_Widget.swift */ = {isa = PBXFileReference; lastKnownFileType = sourcecode.swift; path = Calcul_Widget.swift; sourceTree = "<group>"; };
		04CA0DE1273580E60005CD05 /* Assets.xcassets */ = {isa = PBXFileReference; lastKnownFileType = folder.assetcatalog; path = Assets.xcassets; sourceTree = "<group>"; };
		04CA0DE3273580E60005CD05 /* Info.plist */ = {isa = PBXFileReference; lastKnownFileType = text.plist.xml; path = Info.plist; sourceTree = "<group>"; };
		04CA0DEB273580F70005CD05 /* Provider.swift */ = {isa = PBXFileReference; lastKnownFileType = sourcecode.swift; path = Provider.swift; sourceTree = "<group>"; };
		04CA0DED273581120005CD05 /* SimpleEntry.swift */ = {isa = PBXFileReference; lastKnownFileType = sourcecode.swift; path = SimpleEntry.swift; sourceTree = "<group>"; };
		04CA0DEF2735817E0005CD05 /* CalculWidgetView.swift */ = {isa = PBXFileReference; lastKnownFileType = sourcecode.swift; path = CalculWidgetView.swift; sourceTree = "<group>"; };
		04CA0DF42735878D0005CD05 /* Row1.swift */ = {isa = PBXFileReference; lastKnownFileType = sourcecode.swift; path = Row1.swift; sourceTree = "<group>"; };
		04CA0DF62735879B0005CD05 /* Row2.swift */ = {isa = PBXFileReference; lastKnownFileType = sourcecode.swift; path = Row2.swift; sourceTree = "<group>"; };
		04CA0DF8273587DC0005CD05 /* Row3.swift */ = {isa = PBXFileReference; lastKnownFileType = sourcecode.swift; path = Row3.swift; sourceTree = "<group>"; };
		04CA0DFA2735880B0005CD05 /* Row4.swift */ = {isa = PBXFileReference; lastKnownFileType = sourcecode.swift; path = Row4.swift; sourceTree = "<group>"; };
		04CA0DFC273588750005CD05 /* Row5.swift */ = {isa = PBXFileReference; lastKnownFileType = sourcecode.swift; path = Row5.swift; sourceTree = "<group>"; };
/* End PBXFileReference section */

/* Begin PBXFrameworksBuildPhase section */
		04CA0DC027357F8F0005CD05 /* Frameworks */ = {
			isa = PBXFrameworksBuildPhase;
			buildActionMask = 2147483647;
			files = (
			);
			runOnlyForDeploymentPostprocessing = 0;
		};
		04CA0DD5273580E50005CD05 /* Frameworks */ = {
			isa = PBXFrameworksBuildPhase;
			buildActionMask = 2147483647;
			files = (
				04CA0DDD273580E50005CD05 /* SwiftUI.framework in Frameworks */,
				04CA0DDB273580E50005CD05 /* WidgetKit.framework in Frameworks */,
			);
			runOnlyForDeploymentPostprocessing = 0;
		};
/* End PBXFrameworksBuildPhase section */

/* Begin PBXGroup section */
		04CA0DBA27357F8F0005CD05 = {
			isa = PBXGroup;
			children = (
				04CA0DC527357F8F0005CD05 /* Calcul */,
				04CA0DDE273580E50005CD05 /* Calcul Widget */,
				04CA0DD9273580E50005CD05 /* Frameworks */,
				04CA0DC427357F8F0005CD05 /* Products */,
			);
			sourceTree = "<group>";
		};
		04CA0DC427357F8F0005CD05 /* Products */ = {
			isa = PBXGroup;
			children = (
				04CA0DC327357F8F0005CD05 /* Calcul.app */,
				04CA0DD8273580E50005CD05 /* Calcul WidgetExtension.appex */,
			);
			name = Products;
			sourceTree = "<group>";
		};
		04CA0DC527357F8F0005CD05 /* Calcul */ = {
			isa = PBXGroup;
			children = (
				04CA0DC627357F8F0005CD05 /* CalculApp.swift */,
				04CA0DC827357F8F0005CD05 /* ContentView.swift */,
				04CA0DCA27357F900005CD05 /* Assets.xcassets */,
				04CA0DCC27357F900005CD05 /* Preview Content */,
			);
			path = Calcul;
			sourceTree = "<group>";
		};
		04CA0DCC27357F900005CD05 /* Preview Content */ = {
			isa = PBXGroup;
			children = (
				04CA0DCD27357F900005CD05 /* Preview Assets.xcassets */,
			);
			path = "Preview Content";
			sourceTree = "<group>";
		};
		04CA0DD9273580E50005CD05 /* Frameworks */ = {
			isa = PBXGroup;
			children = (
				04CA0DDA273580E50005CD05 /* WidgetKit.framework */,
				04CA0DDC273580E50005CD05 /* SwiftUI.framework */,
			);
			name = Frameworks;
			sourceTree = "<group>";
		};
		04CA0DDE273580E50005CD05 /* Calcul Widget */ = {
			isa = PBXGroup;
			children = (
				04CA0DF1273585720005CD05 /* Views */,
				04CA0DDF273580E50005CD05 /* Calcul_Widget.swift */,
				04CA0DE1273580E60005CD05 /* Assets.xcassets */,
				04CA0DE3273580E60005CD05 /* Info.plist */,
				04CA0DEB273580F70005CD05 /* Provider.swift */,
				04CA0DED273581120005CD05 /* SimpleEntry.swift */,
			);
			path = "Calcul Widget";
			sourceTree = "<group>";
		};
		04CA0DF1273585720005CD05 /* Views */ = {
			isa = PBXGroup;
			children = (
				04CA0DEF2735817E0005CD05 /* CalculWidgetView.swift */,
				04CA0DFC273588750005CD05 /* Row5.swift */,
				04CA0DF8273587DC0005CD05 /* Row3.swift */,
				04CA0DFA2735880B0005CD05 /* Row4.swift */,
				04CA0DF42735878D0005CD05 /* Row1.swift */,
				04CA0DF62735879B0005CD05 /* Row2.swift */,
			);
			path = Views;
			sourceTree = "<group>";
		};
/* End PBXGroup section */

/* Begin PBXNativeTarget section */
		04CA0DC227357F8F0005CD05 /* Calcul */ = {
			isa = PBXNativeTarget;
			buildConfigurationList = 04CA0DD127357F900005CD05 /* Build configuration list for PBXNativeTarget "Calcul" */;
			buildPhases = (
				04CA0DBF27357F8F0005CD05 /* Sources */,
				04CA0DC027357F8F0005CD05 /* Frameworks */,
				04CA0DC127357F8F0005CD05 /* Resources */,
				04CA0DEA273580E60005CD05 /* Embed App Extensions */,
			);
			buildRules = (
			);
			dependencies = (
				04CA0DE5273580E60005CD05 /* PBXTargetDependency */,
			);
			name = Calcul;
			productName = Calcul;
			productReference = 04CA0DC327357F8F0005CD05 /* Calcul.app */;
			productType = "com.apple.product-type.application";
		};
		04CA0DD7273580E50005CD05 /* Calcul WidgetExtension */ = {
			isa = PBXNativeTarget;
			buildConfigurationList = 04CA0DE7273580E60005CD05 /* Build configuration list for PBXNativeTarget "Calcul WidgetExtension" */;
			buildPhases = (
				04CA0DD4273580E50005CD05 /* Sources */,
				04CA0DD5273580E50005CD05 /* Frameworks */,
				04CA0DD6273580E50005CD05 /* Resources */,
			);
			buildRules = (
			);
			dependencies = (
			);
			name = "Calcul WidgetExtension";
			productName = "Calcul WidgetExtension";
			productReference = 04CA0DD8273580E50005CD05 /* Calcul WidgetExtension.appex */;
			productType = "com.apple.product-type.app-extension";
		};
/* End PBXNativeTarget section */

/* Begin PBXProject section */
		04CA0DBB27357F8F0005CD05 /* Project object */ = {
			isa = PBXProject;
			attributes = {
				BuildIndependentTargetsInParallel = 1;
				LastSwiftUpdateCheck = 1310;
				LastUpgradeCheck = 1310;
				TargetAttributes = {
					04CA0DC227357F8F0005CD05 = {
						CreatedOnToolsVersion = 13.1;
					};
					04CA0DD7273580E50005CD05 = {
						CreatedOnToolsVersion = 13.1;
					};
				};
			};
			buildConfigurationList = 04CA0DBE27357F8F0005CD05 /* Build configuration list for PBXProject "Calcul" */;
			compatibilityVersion = "Xcode 13.0";
			developmentRegion = en;
			hasScannedForEncodings = 0;
			knownRegions = (
				en,
				Base,
			);
			mainGroup = 04CA0DBA27357F8F0005CD05;
			productRefGroup = 04CA0DC427357F8F0005CD05 /* Products */;
			projectDirPath = "";
			projectRoot = "";
			targets = (
				04CA0DC227357F8F0005CD05 /* Calcul */,
				04CA0DD7273580E50005CD05 /* Calcul WidgetExtension */,
			);
		};
/* End PBXProject section */

/* Begin PBXResourcesBuildPhase section */
		04CA0DC127357F8F0005CD05 /* Resources */ = {
			isa = PBXResourcesBuildPhase;
			buildActionMask = 2147483647;
			files = (
				04CA0DCE27357F900005CD05 /* Preview Assets.xcassets in Resources */,
				04CA0DCB27357F900005CD05 /* Assets.xcassets in Resources */,
			);
			runOnlyForDeploymentPostprocessing = 0;
		};
		04CA0DD6273580E50005CD05 /* Resources */ = {
			isa = PBXResourcesBuildPhase;
			buildActionMask = 2147483647;
			files = (
				04CA0DE2273580E60005CD05 /* Assets.xcassets in Resources */,
			);
			runOnlyForDeploymentPostprocessing = 0;
		};
/* End PBXResourcesBuildPhase section */

/* Begin PBXSourcesBuildPhase section */
		04CA0DBF27357F8F0005CD05 /* Sources */ = {
			isa = PBXSourcesBuildPhase;
			buildActionMask = 2147483647;
			files = (
				04CA0DC927357F8F0005CD05 /* ContentView.swift in Sources */,
				04CA0DC727357F8F0005CD05 /* CalculApp.swift in Sources */,
			);
			runOnlyForDeploymentPostprocessing = 0;
		};
		04CA0DD4273580E50005CD05 /* Sources */ = {
			isa = PBXSourcesBuildPhase;
			buildActionMask = 2147483647;
			files = (
				04CA0DF02735817E0005CD05 /* CalculWidgetView.swift in Sources */,
				04CA0DFB2735880B0005CD05 /* Row4.swift in Sources */,
				04CA0DF72735879B0005CD05 /* Row2.swift in Sources */,
				04CA0DEE273581120005CD05 /* SimpleEntry.swift in Sources */,
				04CA0DEC273580F70005CD05 /* Provider.swift in Sources */,
				04CA0DF52735878D0005CD05 /* Row1.swift in Sources */,
				04CA0DF9273587DC0005CD05 /* Row3.swift in Sources */,
				04CA0DFD273588750005CD05 /* Row5.swift in Sources */,
				04CA0DE0273580E50005CD05 /* Calcul_Widget.swift in Sources */,
			);
			runOnlyForDeploymentPostprocessing = 0;
		};
/* End PBXSourcesBuildPhase section */

/* Begin PBXTargetDependency section */
		04CA0DE5273580E60005CD05 /* PBXTargetDependency */ = {
			isa = PBXTargetDependency;
			target = 04CA0DD7273580E50005CD05 /* Calcul WidgetExtension */;
			targetProxy = 04CA0DE4273580E60005CD05 /* PBXContainerItemProxy */;
		};
/* End PBXTargetDependency section */

/* Begin XCBuildConfiguration section */
		04CA0DCF27357F900005CD05 /* Debug */ = {
			isa = XCBuildConfiguration;
			buildSettings = {
				ALWAYS_SEARCH_USER_PATHS = NO;
				CLANG_ANALYZER_NONNULL = YES;
				CLANG_ANALYZER_NUMBER_OBJECT_CONVERSION = YES_AGGRESSIVE;
				CLANG_CXX_LANGUAGE_STANDARD = "gnu++17";
				CLANG_CXX_LIBRARY = "libc++";
				CLANG_ENABLE_MODULES = YES;
				CLANG_ENABLE_OBJC_ARC = YES;
				CLANG_ENABLE_OBJC_WEAK = YES;
				CLANG_WARN_BLOCK_CAPTURE_AUTORELEASING = YES;
				CLANG_WARN_BOOL_CONVERSION = YES;
				CLANG_WARN_COMMA = YES;
				CLANG_WARN_CONSTANT_CONVERSION = YES;
				CLANG_WARN_DEPRECATED_OBJC_IMPLEMENTATIONS = YES;
				CLANG_WARN_DIRECT_OBJC_ISA_USAGE = YES_ERROR;
				CLANG_WARN_DOCUMENTATION_COMMENTS = YES;
				CLANG_WARN_EMPTY_BODY = YES;
				CLANG_WARN_ENUM_CONVERSION = YES;
				CLANG_WARN_INFINITE_RECURSION = YES;
				CLANG_WARN_INT_CONVERSION = YES;
				CLANG_WARN_NON_LITERAL_NULL_CONVERSION = YES;
				CLANG_WARN_OBJC_IMPLICIT_RETAIN_SELF = YES;
				CLANG_WARN_OBJC_LITERAL_CONVERSION = YES;
				CLANG_WARN_OBJC_ROOT_CLASS = YES_ERROR;
				CLANG_WARN_QUOTED_INCLUDE_IN_FRAMEWORK_HEADER = YES;
				CLANG_WARN_RANGE_LOOP_ANALYSIS = YES;
				CLANG_WARN_STRICT_PROTOTYPES = YES;
				CLANG_WARN_SUSPICIOUS_MOVE = YES;
				CLANG_WARN_UNGUARDED_AVAILABILITY = YES_AGGRESSIVE;
				CLANG_WARN_UNREACHABLE_CODE = YES;
				CLANG_WARN__DUPLICATE_METHOD_MATCH = YES;
				COPY_PHASE_STRIP = NO;
				DEBUG_INFORMATION_FORMAT = dwarf;
				ENABLE_STRICT_OBJC_MSGSEND = YES;
				ENABLE_TESTABILITY = YES;
				GCC_C_LANGUAGE_STANDARD = gnu11;
				GCC_DYNAMIC_NO_PIC = NO;
				GCC_NO_COMMON_BLOCKS = YES;
				GCC_OPTIMIZATION_LEVEL = 0;
				GCC_PREPROCESSOR_DEFINITIONS = (
					"DEBUG=1",
					"$(inherited)",
				);
				GCC_WARN_64_TO_32_BIT_CONVERSION = YES;
				GCC_WARN_ABOUT_RETURN_TYPE = YES_ERROR;
				GCC_WARN_UNDECLARED_SELECTOR = YES;
				GCC_WARN_UNINITIALIZED_AUTOS = YES_AGGRESSIVE;
				GCC_WARN_UNUSED_FUNCTION = YES;
				GCC_WARN_UNUSED_VARIABLE = YES;
				IPHONEOS_DEPLOYMENT_TARGET = 15.0;
				MTL_ENABLE_DEBUG_INFO = INCLUDE_SOURCE;
				MTL_FAST_MATH = YES;
				ONLY_ACTIVE_ARCH = YES;
				SDKROOT = iphoneos;
				SWIFT_ACTIVE_COMPILATION_CONDITIONS = DEBUG;
				SWIFT_OPTIMIZATION_LEVEL = "-Onone";
			};
			name = Debug;
		};
		04CA0DD027357F900005CD05 /* Release */ = {
			isa = XCBuildConfiguration;
			buildSettings = {
				ALWAYS_SEARCH_USER_PATHS = NO;
				CLANG_ANALYZER_NONNULL = YES;
				CLANG_ANALYZER_NUMBER_OBJECT_CONVERSION = YES_AGGRESSIVE;
				CLANG_CXX_LANGUAGE_STANDARD = "gnu++17";
				CLANG_CXX_LIBRARY = "libc++";
				CLANG_ENABLE_MODULES = YES;
				CLANG_ENABLE_OBJC_ARC = YES;
				CLANG_ENABLE_OBJC_WEAK = YES;
				CLANG_WARN_BLOCK_CAPTURE_AUTORELEASING = YES;
				CLANG_WARN_BOOL_CONVERSION = YES;
				CLANG_WARN_COMMA = YES;
				CLANG_WARN_CONSTANT_CONVERSION = YES;
				CLANG_WARN_DEPRECATED_OBJC_IMPLEMENTATIONS = YES;
				CLANG_WARN_DIRECT_OBJC_ISA_USAGE = YES_ERROR;
				CLANG_WARN_DOCUMENTATION_COMMENTS = YES;
				CLANG_WARN_EMPTY_BODY = YES;
				CLANG_WARN_ENUM_CONVERSION = YES;
				CLANG_WARN_INFINITE_RECURSION = YES;
				CLANG_WARN_INT_CONVERSION = YES;
				CLANG_WARN_NON_LITERAL_NULL_CONVERSION = YES;
				CLANG_WARN_OBJC_IMPLICIT_RETAIN_SELF = YES;
				CLANG_WARN_OBJC_LITERAL_CONVERSION = YES;
				CLANG_WARN_OBJC_ROOT_CLASS = YES_ERROR;
				CLANG_WARN_QUOTED_INCLUDE_IN_FRAMEWORK_HEADER = YES;
				CLANG_WARN_RANGE_LOOP_ANALYSIS = YES;
				CLANG_WARN_STRICT_PROTOTYPES = YES;
				CLANG_WARN_SUSPICIOUS_MOVE = YES;
				CLANG_WARN_UNGUARDED_AVAILABILITY = YES_AGGRESSIVE;
				CLANG_WARN_UNREACHABLE_CODE = YES;
				CLANG_WARN__DUPLICATE_METHOD_MATCH = YES;
				COPY_PHASE_STRIP = NO;
				DEBUG_INFORMATION_FORMAT = "dwarf-with-dsym";
				ENABLE_NS_ASSERTIONS = NO;
				ENABLE_STRICT_OBJC_MSGSEND = YES;
				GCC_C_LANGUAGE_STANDARD = gnu11;
				GCC_NO_COMMON_BLOCKS = YES;
				GCC_WARN_64_TO_32_BIT_CONVERSION = YES;
				GCC_WARN_ABOUT_RETURN_TYPE = YES_ERROR;
				GCC_WARN_UNDECLARED_SELECTOR = YES;
				GCC_WARN_UNINITIALIZED_AUTOS = YES_AGGRESSIVE;
				GCC_WARN_UNUSED_FUNCTION = YES;
				GCC_WARN_UNUSED_VARIABLE = YES;
				IPHONEOS_DEPLOYMENT_TARGET = 15.0;
				MTL_ENABLE_DEBUG_INFO = NO;
				MTL_FAST_MATH = YES;
				SDKROOT = iphoneos;
				SWIFT_COMPILATION_MODE = wholemodule;
				SWIFT_OPTIMIZATION_LEVEL = "-O";
				VALIDATE_PRODUCT = YES;
			};
			name = Release;
		};
		04CA0DD227357F900005CD05 /* Debug */ = {
			isa = XCBuildConfiguration;
			buildSettings = {
				ALWAYS_EMBED_SWIFT_STANDARD_LIBRARIES = YES;
				ASSETCATALOG_COMPILER_APPICON_NAME = AppIcon;
				ASSETCATALOG_COMPILER_GLOBAL_ACCENT_COLOR_NAME = AccentColor;
				CODE_SIGN_STYLE = Automatic;
				CURRENT_PROJECT_VERSION = 1;
				DEVELOPMENT_ASSET_PATHS = "\"Calcul/Preview Content\"";
				DEVELOPMENT_TEAM = 6YDE2UY2S5;
				ENABLE_PREVIEWS = YES;
				GENERATE_INFOPLIST_FILE = YES;
				INFOPLIST_KEY_UIApplicationSceneManifest_Generation = YES;
				INFOPLIST_KEY_UIApplicationSupportsIndirectInputEvents = YES;
				INFOPLIST_KEY_UILaunchScreen_Generation = YES;
				INFOPLIST_KEY_UISupportedInterfaceOrientations_iPad = "UIInterfaceOrientationPortrait UIInterfaceOrientationPortraitUpsideDown UIInterfaceOrientationLandscapeLeft UIInterfaceOrientationLandscapeRight";
				INFOPLIST_KEY_UISupportedInterfaceOrientations_iPhone = "UIInterfaceOrientationPortrait UIInterfaceOrientationLandscapeLeft UIInterfaceOrientationLandscapeRight";
				LD_RUNPATH_SEARCH_PATHS = (
					"$(inherited)",
					"@executable_path/Frameworks",
				);
				MARKETING_VERSION = 1.0;
				PRODUCT_BUNDLE_IDENTIFIER = fschweizer.Calcul;
				PRODUCT_NAME = "$(TARGET_NAME)";
				SWIFT_EMIT_LOC_STRINGS = YES;
				SWIFT_VERSION = 5.0;
				TARGETED_DEVICE_FAMILY = "1,2";
			};
			name = Debug;
		};
		04CA0DD327357F900005CD05 /* Release */ = {
			isa = XCBuildConfiguration;
			buildSettings = {
				ALWAYS_EMBED_SWIFT_STANDARD_LIBRARIES = YES;
				ASSETCATALOG_COMPILER_APPICON_NAME = AppIcon;
				ASSETCATALOG_COMPILER_GLOBAL_ACCENT_COLOR_NAME = AccentColor;
				CODE_SIGN_STYLE = Automatic;
				CURRENT_PROJECT_VERSION = 1;
				DEVELOPMENT_ASSET_PATHS = "\"Calcul/Preview Content\"";
				DEVELOPMENT_TEAM = 6YDE2UY2S5;
				ENABLE_PREVIEWS = YES;
				GENERATE_INFOPLIST_FILE = YES;
				INFOPLIST_KEY_UIApplicationSceneManifest_Generation = YES;
				INFOPLIST_KEY_UIApplicationSupportsIndirectInputEvents = YES;
				INFOPLIST_KEY_UILaunchScreen_Generation = YES;
				INFOPLIST_KEY_UISupportedInterfaceOrientations_iPad = "UIInterfaceOrientationPortrait UIInterfaceOrientationPortraitUpsideDown UIInterfaceOrientationLandscapeLeft UIInterfaceOrientationLandscapeRight";
				INFOPLIST_KEY_UISupportedInterfaceOrientations_iPhone = "UIInterfaceOrientationPortrait UIInterfaceOrientationLandscapeLeft UIInterfaceOrientationLandscapeRight";
				LD_RUNPATH_SEARCH_PATHS = (
					"$(inherited)",
					"@executable_path/Frameworks",
				);
				MARKETING_VERSION = 1.0;
				PRODUCT_BUNDLE_IDENTIFIER = fschweizer.Calcul;
				PRODUCT_NAME = "$(TARGET_NAME)";
				SWIFT_EMIT_LOC_STRINGS = YES;
				SWIFT_VERSION = 5.0;
				TARGETED_DEVICE_FAMILY = "1,2";
			};
			name = Release;
		};
		04CA0DE8273580E60005CD05 /* Debug */ = {
			isa = XCBuildConfiguration;
			buildSettings = {
				ASSETCATALOG_COMPILER_GLOBAL_ACCENT_COLOR_NAME = AccentColor;
				ASSETCATALOG_COMPILER_WIDGET_BACKGROUND_COLOR_NAME = WidgetBackground;
				CODE_SIGN_STYLE = Automatic;
				CURRENT_PROJECT_VERSION = 1;
				DEVELOPMENT_TEAM = 6YDE2UY2S5;
				GENERATE_INFOPLIST_FILE = YES;
				INFOPLIST_FILE = "Calcul Widget/Info.plist";
				INFOPLIST_KEY_CFBundleDisplayName = "Calcul Widget";
				INFOPLIST_KEY_NSHumanReadableCopyright = "";
				LD_RUNPATH_SEARCH_PATHS = (
					"$(inherited)",
					"@executable_path/Frameworks",
					"@executable_path/../../Frameworks",
				);
				MARKETING_VERSION = 1.0;
				PRODUCT_BUNDLE_IDENTIFIER = "fschweizer.Calcul.Calcul-Widget";
				PRODUCT_NAME = "$(TARGET_NAME)";
				SKIP_INSTALL = YES;
				SWIFT_EMIT_LOC_STRINGS = YES;
				SWIFT_VERSION = 5.0;
				TARGETED_DEVICE_FAMILY = "1,2";
			};
			name = Debug;
		};
		04CA0DE9273580E60005CD05 /* Release */ = {
			isa = XCBuildConfiguration;
			buildSettings = {
				ASSETCATALOG_COMPILER_GLOBAL_ACCENT_COLOR_NAME = AccentColor;
				ASSETCATALOG_COMPILER_WIDGET_BACKGROUND_COLOR_NAME = WidgetBackground;
				CODE_SIGN_STYLE = Automatic;
				CURRENT_PROJECT_VERSION = 1;
				DEVELOPMENT_TEAM = 6YDE2UY2S5;
				GENERATE_INFOPLIST_FILE = YES;
				INFOPLIST_FILE = "Calcul Widget/Info.plist";
				INFOPLIST_KEY_CFBundleDisplayName = "Calcul Widget";
				INFOPLIST_KEY_NSHumanReadableCopyright = "";
				LD_RUNPATH_SEARCH_PATHS = (
					"$(inherited)",
					"@executable_path/Frameworks",
					"@executable_path/../../Frameworks",
				);
				MARKETING_VERSION = 1.0;
				PRODUCT_BUNDLE_IDENTIFIER = "fschweizer.Calcul.Calcul-Widget";
				PRODUCT_NAME = "$(TARGET_NAME)";
				SKIP_INSTALL = YES;
				SWIFT_EMIT_LOC_STRINGS = YES;
				SWIFT_VERSION = 5.0;
				TARGETED_DEVICE_FAMILY = "1,2";
			};
			name = Release;
		};
/* End XCBuildConfiguration section */

/* Begin XCConfigurationList section */
		04CA0DBE27357F8F0005CD05 /* Build configuration list for PBXProject "Calcul" */ = {
			isa = XCConfigurationList;
			buildConfigurations = (
				04CA0DCF27357F900005CD05 /* Debug */,
				04CA0DD027357F900005CD05 /* Release */,
			);
			defaultConfigurationIsVisible = 0;
			defaultConfigurationName = Release;
		};
		04CA0DD127357F900005CD05 /* Build configuration list for PBXNativeTarget "Calcul" */ = {
			isa = XCConfigurationList;
			buildConfigurations = (
				04CA0DD227357F900005CD05 /* Debug */,
				04CA0DD327357F900005CD05 /* Release */,
			);
			defaultConfigurationIsVisible = 0;
			defaultConfigurationName = Release;
		};
		04CA0DE7273580E60005CD05 /* Build configuration list for PBXNativeTarget "Calcul WidgetExtension" */ = {
			isa = XCConfigurationList;
			buildConfigurations = (
				04CA0DE8273580E60005CD05 /* Debug */,
				04CA0DE9273580E60005CD05 /* Release */,
			);
			defaultConfigurationIsVisible = 0;
			defaultConfigurationName = Release;
		};
/* End XCConfigurationList section */
	};
	rootObject = 04CA0DBB27357F8F0005CD05 /* Project object */;
}
